
Microsoft Visual Studio Solution File, Format Version 12.00
# Visual Studio Version 17
VisualStudioVersion = 17.4.33213.308
MinimumVisualStudioVersion = 10.0.40219.1
Project("{FAE04EC0-301F-11D3-BF4B-00C04F79EFBC}") = "RevitAPITraining_StockLength", "RevitAPITraining_StockLength\RevitAPITraining_StockLength.csproj", "{1B181D90-6699-4230-8D81-DA85DF94003F}"
EndProject
Global
	GlobalSection(SolutionConfigurationPlatforms) = preSolution
		Debug|Any CPU = Debug|Any CPU
		Release|Any CPU = Release|Any CPU
	EndGlobalSection
	GlobalSection(ProjectConfigurationPlatforms) = postSolution
		{1B181D90-6699-4230-8D81-DA85DF94003F}.Debug|Any CPU.ActiveCfg = Debug|Any CPU
		{1B181D90-6699-4230-8D81-DA85DF94003F}.Debug|Any CPU.Build.0 = Debug|Any CPU
		{1B181D90-6699-4230-8D81-DA85DF94003F}.Release|Any CPU.ActiveCfg = Release|Any CPU
		{1B181D90-6699-4230-8D81-DA85DF94003F}.Release|Any CPU.Build.0 = Release|Any CPU
	EndGlobalSection
	GlobalSection(SolutionProperties) = preSolution
		HideSolutionNode = FALSE
	EndGlobalSection
	GlobalSection(ExtensibilityGlobals) = postSolution
		SolutionGuid = {52200CD7-FAE2-4886-B77C-FD6C4C17CB47}
	EndGlobalSection
EndGlobal
